// !$*UTF8*$!
{
	archiveVersion = 1;
	classes = {
	};
	objectVersion = 56;
	objects = {

/* Begin PBXBuildFile section */
		2783945A2BA23B8700810D9A /* ASL_TranslatorApp.swift in Sources */ = {isa = PBXBuildFile; fileRef = 278394592BA23B8700810D9A /* ASL_TranslatorApp.swift */; };
		2783945C2BA23B8700810D9A /* ContentView.swift in Sources */ = {isa = PBXBuildFile; fileRef = 2783945B2BA23B8700810D9A /* ContentView.swift */; };
		2783945E2BA23B8900810D9A /* Assets.xcassets in Resources */ = {isa = PBXBuildFile; fileRef = 2783945D2BA23B8900810D9A /* Assets.xcassets */; };
		278394612BA23B8900810D9A /* Preview Assets.xcassets in Resources */ = {isa = PBXBuildFile; fileRef = 278394602BA23B8900810D9A /* Preview Assets.xcassets */; };
		2783946B2BA23B8900810D9A /* ASL_TranslatorTests.swift in Sources */ = {isa = PBXBuildFile; fileRef = 2783946A2BA23B8900810D9A /* ASL_TranslatorTests.swift */; };
		278394752BA23B8900810D9A /* ASL_TranslatorUITests.swift in Sources */ = {isa = PBXBuildFile; fileRef = 278394742BA23B8900810D9A /* ASL_TranslatorUITests.swift */; };
		278394772BA23B8900810D9A /* ASL_TranslatorUITestsLaunchTests.swift in Sources */ = {isa = PBXBuildFile; fileRef = 278394762BA23B8900810D9A /* ASL_TranslatorUITestsLaunchTests.swift */; };
/* End PBXBuildFile section */

/* Begin PBXContainerItemProxy section */
		278394672BA23B8900810D9A /* PBXContainerItemProxy */ = {
			isa = PBXContainerItemProxy;
			containerPortal = 2783944E2BA23B8700810D9A /* Project object */;
			proxyType = 1;
			remoteGlobalIDString = 278394552BA23B8700810D9A;
			remoteInfo = "ASL Translator";
		};
		278394712BA23B8900810D9A /* PBXContainerItemProxy */ = {
			isa = PBXContainerItemProxy;
			containerPortal = 2783944E2BA23B8700810D9A /* Project object */;
			proxyType = 1;
			remoteGlobalIDString = 278394552BA23B8700810D9A;
			remoteInfo = "ASL Translator";
		};
/* End PBXContainerItemProxy section */

/* Begin PBXFileReference section */
		278394562BA23B8700810D9A /* ASL Translator.app */ = {isa = PBXFileReference; explicitFileType = wrapper.application; includeInIndex = 0; path = "ASL Translator.app"; sourceTree = BUILT_PRODUCTS_DIR; };
		278394592BA23B8700810D9A /* ASL_TranslatorApp.swift */ = {isa = PBXFileReference; lastKnownFileType = sourcecode.swift; path = ASL_TranslatorApp.swift; sourceTree = "<group>"; };
		2783945B2BA23B8700810D9A /* ContentView.swift */ = {isa = PBXFileReference; lastKnownFileType = sourcecode.swift; path = ContentView.swift; sourceTree = "<group>"; };
		2783945D2BA23B8900810D9A /* Assets.xcassets */ = {isa = PBXFileReference; lastKnownFileType = folder.assetcatalog; path = Assets.xcassets; sourceTree = "<group>"; };
		278394602BA23B8900810D9A /* Preview Assets.xcassets */ = {isa = PBXFileReference; lastKnownFileType = folder.assetcatalog; path = "Preview Assets.xcassets"; sourceTree = "<group>"; };
		278394662BA23B8900810D9A /* ASL TranslatorTests.xctest */ = {isa = PBXFileReference; explicitFileType = wrapper.cfbundle; includeInIndex = 0; path = "ASL TranslatorTests.xctest"; sourceTree = BUILT_PRODUCTS_DIR; };
		2783946A2BA23B8900810D9A /* ASL_TranslatorTests.swift */ = {isa = PBXFileReference; lastKnownFileType = sourcecode.swift; path = ASL_TranslatorTests.swift; sourceTree = "<group>"; };
		278394702BA23B8900810D9A /* ASL TranslatorUITests.xctest */ = {isa = PBXFileReference; explicitFileType = wrapper.cfbundle; includeInIndex = 0; path = "ASL TranslatorUITests.xctest"; sourceTree = BUILT_PRODUCTS_DIR; };
		278394742BA23B8900810D9A /* ASL_TranslatorUITests.swift */ = {isa = PBXFileReference; lastKnownFileType = sourcecode.swift; path = ASL_TranslatorUITests.swift; sourceTree = "<group>"; };
		278394762BA23B8900810D9A /* ASL_TranslatorUITestsLaunchTests.swift */ = {isa = PBXFileReference; lastKnownFileType = sourcecode.swift; path = ASL_TranslatorUITestsLaunchTests.swift; sourceTree = "<group>"; };
/* End PBXFileReference section */

/* Begin PBXFrameworksBuildPhase section */
		278394532BA23B8700810D9A /* Frameworks */ = {
			isa = PBXFrameworksBuildPhase;
			buildActionMask = 2147483647;
			files = (
			);
			runOnlyForDeploymentPostprocessing = 0;
		};
		278394632BA23B8900810D9A /* Frameworks */ = {
			isa = PBXFrameworksBuildPhase;
			buildActionMask = 2147483647;
			files = (
			);
			runOnlyForDeploymentPostprocessing = 0;
		};
		2783946D2BA23B8900810D9A /* Frameworks */ = {
			isa = PBXFrameworksBuildPhase;
			buildActionMask = 2147483647;
			files = (
			);
			runOnlyForDeploymentPostprocessing = 0;
		};
/* End PBXFrameworksBuildPhase section */

/* Begin PBXGroup section */
		2783944D2BA23B8700810D9A = {
			isa = PBXGroup;
			children = (
				278394582BA23B8700810D9A /* ASL Translator */,
				278394692BA23B8900810D9A /* ASL TranslatorTests */,
				278394732BA23B8900810D9A /* ASL TranslatorUITests */,
				278394572BA23B8700810D9A /* Products */,
			);
			sourceTree = "<group>";
		};
		278394572BA23B8700810D9A /* Products */ = {
			isa = PBXGroup;
			children = (
				278394562BA23B8700810D9A /* ASL Translator.app */,
				278394662BA23B8900810D9A /* ASL TranslatorTests.xctest */,
				278394702BA23B8900810D9A /* ASL TranslatorUITests.xctest */,
			);
			name = Products;
			sourceTree = "<group>";
		};
		278394582BA23B8700810D9A /* ASL Translator */ = {
			isa = PBXGroup;
			children = (
				278394592BA23B8700810D9A /* ASL_TranslatorApp.swift */,
				2783945B2BA23B8700810D9A /* ContentView.swift */,
				2783945D2BA23B8900810D9A /* Assets.xcassets */,
				2783945F2BA23B8900810D9A /* Preview Content */,
			);
			path = "ASL Translator";
			sourceTree = "<group>";
		};
		2783945F2BA23B8900810D9A /* Preview Content */ = {
			isa = PBXGroup;
			children = (
				278394602BA23B8900810D9A /* Preview Assets.xcassets */,
			);
			path = "Preview Content";
			sourceTree = "<group>";
		};
		278394692BA23B8900810D9A /* ASL TranslatorTests */ = {
			isa = PBXGroup;
			children = (
				2783946A2BA23B8900810D9A /* ASL_TranslatorTests.swift */,
			);
			path = "ASL TranslatorTests";
			sourceTree = "<group>";
		};
		278394732BA23B8900810D9A /* ASL TranslatorUITests */ = {
			isa = PBXGroup;
			children = (
				278394742BA23B8900810D9A /* ASL_TranslatorUITests.swift */,
				278394762BA23B8900810D9A /* ASL_TranslatorUITestsLaunchTests.swift */,
			);
			path = "ASL TranslatorUITests";
			sourceTree = "<group>";
		};
/* End PBXGroup section */

/* Begin PBXNativeTarget section */
		278394552BA23B8700810D9A /* ASL Translator */ = {
			isa = PBXNativeTarget;
			buildConfigurationList = 2783947A2BA23B8900810D9A /* Build configuration list for PBXNativeTarget "ASL Translator" */;
			buildPhases = (
				278394522BA23B8700810D9A /* Sources */,
				278394532BA23B8700810D9A /* Frameworks */,
				278394542BA23B8700810D9A /* Resources */,
			);
			buildRules = (
			);
			dependencies = (
			);
			name = "ASL Translator";
			productName = "ASL Translator";
			productReference = 278394562BA23B8700810D9A /* ASL Translator.app */;
			productType = "com.apple.product-type.application";
		};
		278394652BA23B8900810D9A /* ASL TranslatorTests */ = {
			isa = PBXNativeTarget;
			buildConfigurationList = 2783947D2BA23B8900810D9A /* Build configuration list for PBXNativeTarget "ASL TranslatorTests" */;
			buildPhases = (
				278394622BA23B8900810D9A /* Sources */,
				278394632BA23B8900810D9A /* Frameworks */,
				278394642BA23B8900810D9A /* Resources */,
			);
			buildRules = (
			);
			dependencies = (
				278394682BA23B8900810D9A /* PBXTargetDependency */,
			);
			name = "ASL TranslatorTests";
			productName = "ASL TranslatorTests";
			productReference = 278394662BA23B8900810D9A /* ASL TranslatorTests.xctest */;
			productType = "com.apple.product-type.bundle.unit-test";
		};
		2783946F2BA23B8900810D9A /* ASL TranslatorUITests */ = {
			isa = PBXNativeTarget;
			buildConfigurationList = 278394802BA23B8900810D9A /* Build configuration list for PBXNativeTarget "ASL TranslatorUITests" */;
			buildPhases = (
				2783946C2BA23B8900810D9A /* Sources */,
				2783946D2BA23B8900810D9A /* Frameworks */,
				2783946E2BA23B8900810D9A /* Resources */,
			);
			buildRules = (
			);
			dependencies = (
				278394722BA23B8900810D9A /* PBXTargetDependency */,
			);
			name = "ASL TranslatorUITests";
			productName = "ASL TranslatorUITests";
			productReference = 278394702BA23B8900810D9A /* ASL TranslatorUITests.xctest */;
			productType = "com.apple.product-type.bundle.ui-testing";
		};
/* End PBXNativeTarget section */

/* Begin PBXProject section */
		2783944E2BA23B8700810D9A /* Project object */ = {
			isa = PBXProject;
			attributes = {
				BuildIndependentTargetsInParallel = 1;
				LastSwiftUpdateCheck = 1520;
				LastUpgradeCheck = 1520;
				TargetAttributes = {
					278394552BA23B8700810D9A = {
						CreatedOnToolsVersion = 15.2;
					};
					278394652BA23B8900810D9A = {
						CreatedOnToolsVersion = 15.2;
						TestTargetID = 278394552BA23B8700810D9A;
					};
					2783946F2BA23B8900810D9A = {
						CreatedOnToolsVersion = 15.2;
						TestTargetID = 278394552BA23B8700810D9A;
					};
				};
			};
			buildConfigurationList = 278394512BA23B8700810D9A /* Build configuration list for PBXProject "ASL Translator" */;
			compatibilityVersion = "Xcode 14.0";
			developmentRegion = en;
			hasScannedForEncodings = 0;
			knownRegions = (
				en,
				Base,
			);
			mainGroup = 2783944D2BA23B8700810D9A;
			productRefGroup = 278394572BA23B8700810D9A /* Products */;
			projectDirPath = "";
			projectRoot = "";
			targets = (
				278394552BA23B8700810D9A /* ASL Translator */,
				278394652BA23B8900810D9A /* ASL TranslatorTests */,
				2783946F2BA23B8900810D9A /* ASL TranslatorUITests */,
			);
		};
/* End PBXProject section */

/* Begin PBXResourcesBuildPhase section */
		278394542BA23B8700810D9A /* Resources */ = {
			isa = PBXResourcesBuildPhase;
			buildActionMask = 2147483647;
			files = (
				278394612BA23B8900810D9A /* Preview Assets.xcassets in Resources */,
				2783945E2BA23B8900810D9A /* Assets.xcassets in Resources */,
			);
			runOnlyForDeploymentPostprocessing = 0;
		};
		278394642BA23B8900810D9A /* Resources */ = {
			isa = PBXResourcesBuildPhase;
			buildActionMask = 2147483647;
			files = (
			);
			runOnlyForDeploymentPostprocessing = 0;
		};
		2783946E2BA23B8900810D9A /* Resources */ = {
			isa = PBXResourcesBuildPhase;
			buildActionMask = 2147483647;
			files = (
			);
			runOnlyForDeploymentPostprocessing = 0;
		};
/* End PBXResourcesBuildPhase section */

/* Begin PBXSourcesBuildPhase section */
		278394522BA23B8700810D9A /* Sources */ = {
			isa = PBXSourcesBuildPhase;
			buildActionMask = 2147483647;
			files = (
				2783945C2BA23B8700810D9A /* ContentView.swift in Sources */,
				2783945A2BA23B8700810D9A /* ASL_TranslatorApp.swift in Sources */,
			);
			runOnlyForDeploymentPostprocessing = 0;
		};
		278394622BA23B8900810D9A /* Sources */ = {
			isa = PBXSourcesBuildPhase;
			buildActionMask = 2147483647;
			files = (
				2783946B2BA23B8900810D9A /* ASL_TranslatorTests.swift in Sources */,
			);
			runOnlyForDeploymentPostprocessing = 0;
		};
		2783946C2BA23B8900810D9A /* Sources */ = {
			isa = PBXSourcesBuildPhase;
			buildActionMask = 2147483647;
			files = (
				278394752BA23B8900810D9A /* ASL_TranslatorUITests.swift in Sources */,
				278394772BA23B8900810D9A /* ASL_TranslatorUITestsLaunchTests.swift in Sources */,
			);
			runOnlyForDeploymentPostprocessing = 0;
		};
/* End PBXSourcesBuildPhase section */

/* Begin PBXTargetDependency section */
		278394682BA23B8900810D9A /* PBXTargetDependency */ = {
			isa = PBXTargetDependency;
			target = 278394552BA23B8700810D9A /* ASL Translator */;
			targetProxy = 278394672BA23B8900810D9A /* PBXContainerItemProxy */;
		};
		278394722BA23B8900810D9A /* PBXTargetDependency */ = {
			isa = PBXTargetDependency;
			target = 278394552BA23B8700810D9A /* ASL Translator */;
			targetProxy = 278394712BA23B8900810D9A /* PBXContainerItemProxy */;
		};
/* End PBXTargetDependency section */

/* Begin XCBuildConfiguration section */
		278394782BA23B8900810D9A /* Debug */ = {
			isa = XCBuildConfiguration;
			buildSettings = {
				ALWAYS_SEARCH_USER_PATHS = NO;
				ASSETCATALOG_COMPILER_GENERATE_SWIFT_ASSET_SYMBOL_EXTENSIONS = YES;
				CLANG_ANALYZER_NONNULL = YES;
				CLANG_ANALYZER_NUMBER_OBJECT_CONVERSION = YES_AGGRESSIVE;
				CLANG_CXX_LANGUAGE_STANDARD = "gnu++20";
				CLANG_ENABLE_MODULES = YES;
				CLANG_ENABLE_OBJC_ARC = YES;
				CLANG_ENABLE_OBJC_WEAK = YES;
				CLANG_WARN_BLOCK_CAPTURE_AUTORELEASING = YES;
				CLANG_WARN_BOOL_CONVERSION = YES;
				CLANG_WARN_COMMA = YES;
				CLANG_WARN_CONSTANT_CONVERSION = YES;
				CLANG_WARN_DEPRECATED_OBJC_IMPLEMENTATIONS = YES;
				CLANG_WARN_DIRECT_OBJC_ISA_USAGE = YES_ERROR;
				CLANG_WARN_DOCUMENTATION_COMMENTS = YES;
				CLANG_WARN_EMPTY_BODY = YES;
				CLANG_WARN_ENUM_CONVERSION = YES;
				CLANG_WARN_INFINITE_RECURSION = YES;
				CLANG_WARN_INT_CONVERSION = YES;
				CLANG_WARN_NON_LITERAL_NULL_CONVERSION = YES;
				CLANG_WARN_OBJC_IMPLICIT_RETAIN_SELF = YES;
				CLANG_WARN_OBJC_LITERAL_CONVERSION = YES;
				CLANG_WARN_OBJC_ROOT_CLASS = YES_ERROR;
				CLANG_WARN_QUOTED_INCLUDE_IN_FRAMEWORK_HEADER = YES;
				CLANG_WARN_RANGE_LOOP_ANALYSIS = YES;
				CLANG_WARN_STRICT_PROTOTYPES = YES;
				CLANG_WARN_SUSPICIOUS_MOVE = YES;
				CLANG_WARN_UNGUARDED_AVAILABILITY = YES_AGGRESSIVE;
				CLANG_WARN_UNREACHABLE_CODE = YES;
				CLANG_WARN__DUPLICATE_METHOD_MATCH = YES;
				COPY_PHASE_STRIP = NO;
				DEBUG_INFORMATION_FORMAT = dwarf;
				ENABLE_STRICT_OBJC_MSGSEND = YES;
				ENABLE_TESTABILITY = YES;
				ENABLE_USER_SCRIPT_SANDBOXING = YES;
				GCC_C_LANGUAGE_STANDARD = gnu17;
				GCC_DYNAMIC_NO_PIC = NO;
				GCC_NO_COMMON_BLOCKS = YES;
				GCC_OPTIMIZATION_LEVEL = 0;
				GCC_PREPROCESSOR_DEFINITIONS = (
					"DEBUG=1",
					"$(inherited)",
				);
				GCC_WARN_64_TO_32_BIT_CONVERSION = YES;
				GCC_WARN_ABOUT_RETURN_TYPE = YES_ERROR;
				GCC_WARN_UNDECLARED_SELECTOR = YES;
				GCC_WARN_UNINITIALIZED_AUTOS = YES_AGGRESSIVE;
				GCC_WARN_UNUSED_FUNCTION = YES;
				GCC_WARN_UNUSED_VARIABLE = YES;
				IPHONEOS_DEPLOYMENT_TARGET = 17.2;
				LOCALIZATION_PREFERS_STRING_CATALOGS = YES;
				MTL_ENABLE_DEBUG_INFO = INCLUDE_SOURCE;
				MTL_FAST_MATH = YES;
				ONLY_ACTIVE_ARCH = YES;
				SDKROOT = iphoneos;
				SWIFT_ACTIVE_COMPILATION_CONDITIONS = "DEBUG $(inherited)";
				SWIFT_OPTIMIZATION_LEVEL = "-Onone";
			};
			name = Debug;
		};
		278394792BA23B8900810D9A /* Release */ = {
			isa = XCBuildConfiguration;
			buildSettings = {
				ALWAYS_SEARCH_USER_PATHS = NO;
				ASSETCATALOG_COMPILER_GENERATE_SWIFT_ASSET_SYMBOL_EXTENSIONS = YES;
				CLANG_ANALYZER_NONNULL = YES;
				CLANG_ANALYZER_NUMBER_OBJECT_CONVERSION = YES_AGGRESSIVE;
				CLANG_CXX_LANGUAGE_STANDARD = "gnu++20";
				CLANG_ENABLE_MODULES = YES;
				CLANG_ENABLE_OBJC_ARC = YES;
				CLANG_ENABLE_OBJC_WEAK = YES;
				CLANG_WARN_BLOCK_CAPTURE_AUTORELEASING = YES;
				CLANG_WARN_BOOL_CONVERSION = YES;
				CLANG_WARN_COMMA = YES;
				CLANG_WARN_CONSTANT_CONVERSION = YES;
				CLANG_WARN_DEPRECATED_OBJC_IMPLEMENTATIONS = YES;
				CLANG_WARN_DIRECT_OBJC_ISA_USAGE = YES_ERROR;
				CLANG_WARN_DOCUMENTATION_COMMENTS = YES;
				CLANG_WARN_EMPTY_BODY = YES;
				CLANG_WARN_ENUM_CONVERSION = YES;
				CLANG_WARN_INFINITE_RECURSION = YES;
				CLANG_WARN_INT_CONVERSION = YES;
				CLANG_WARN_NON_LITERAL_NULL_CONVERSION = YES;
				CLANG_WARN_OBJC_IMPLICIT_RETAIN_SELF = YES;
				CLANG_WARN_OBJC_LITERAL_CONVERSION = YES;
				CLANG_WARN_OBJC_ROOT_CLASS = YES_ERROR;
				CLANG_WARN_QUOTED_INCLUDE_IN_FRAMEWORK_HEADER = YES;
				CLANG_WARN_RANGE_LOOP_ANALYSIS = YES;
				CLANG_WARN_STRICT_PROTOTYPES = YES;
				CLANG_WARN_SUSPICIOUS_MOVE = YES;
				CLANG_WARN_UNGUARDED_AVAILABILITY = YES_AGGRESSIVE;
				CLANG_WARN_UNREACHABLE_CODE = YES;
				CLANG_WARN__DUPLICATE_METHOD_MATCH = YES;
				COPY_PHASE_STRIP = NO;
				DEBUG_INFORMATION_FORMAT = "dwarf-with-dsym";
				ENABLE_NS_ASSERTIONS = NO;
				ENABLE_STRICT_OBJC_MSGSEND = YES;
				ENABLE_USER_SCRIPT_SANDBOXING = YES;
				GCC_C_LANGUAGE_STANDARD = gnu17;
				GCC_NO_COMMON_BLOCKS = YES;
				GCC_WARN_64_TO_32_BIT_CONVERSION = YES;
				GCC_WARN_ABOUT_RETURN_TYPE = YES_ERROR;
				GCC_WARN_UNDECLARED_SELECTOR = YES;
				GCC_WARN_UNINITIALIZED_AUTOS = YES_AGGRESSIVE;
				GCC_WARN_UNUSED_FUNCTION = YES;
				GCC_WARN_UNUSED_VARIABLE = YES;
				IPHONEOS_DEPLOYMENT_TARGET = 17.2;
				LOCALIZATION_PREFERS_STRING_CATALOGS = YES;
				MTL_ENABLE_DEBUG_INFO = NO;
				MTL_FAST_MATH = YES;
				SDKROOT = iphoneos;
				SWIFT_COMPILATION_MODE = wholemodule;
				VALIDATE_PRODUCT = YES;
			};
			name = Release;
		};
		2783947B2BA23B8900810D9A /* Debug */ = {
			isa = XCBuildConfiguration;
			buildSettings = {
				ASSETCATALOG_COMPILER_APPICON_NAME = AppIcon;
				ASSETCATALOG_COMPILER_GLOBAL_ACCENT_COLOR_NAME = AccentColor;
				CODE_SIGN_STYLE = Automatic;
				CURRENT_PROJECT_VERSION = 1;
				DEVELOPMENT_ASSET_PATHS = "\"ASL Translator/Preview Content\"";
				ENABLE_PREVIEWS = YES;
				GENERATE_INFOPLIST_FILE = YES;
				INFOPLIST_KEY_UIApplicationSceneManifest_Generation = YES;
				INFOPLIST_KEY_UIApplicationSupportsIndirectInputEvents = YES;
				INFOPLIST_KEY_UILaunchScreen_Generation = YES;
				INFOPLIST_KEY_UISupportedInterfaceOrientations_iPad = "UIInterfaceOrientationPortrait UIInterfaceOrientationPortraitUpsideDown UIInterfaceOrientationLandscapeLeft UIInterfaceOrientationLandscapeRight";
				INFOPLIST_KEY_UISupportedInterfaceOrientations_iPhone = "UIInterfaceOrientationPortrait UIInterfaceOrientationLandscapeLeft UIInterfaceOrientationLandscapeRight";
				LD_RUNPATH_SEARCH_PATHS = (
					"$(inherited)",
					"@executable_path/Frameworks",
				);
				MARKETING_VERSION = 1.0;
				PRODUCT_BUNDLE_IDENTIFIER = "Toolbar.ASL-Translator";
				PRODUCT_NAME = "$(TARGET_NAME)";
				SWIFT_EMIT_LOC_STRINGS = YES;
				SWIFT_VERSION = 5.0;
				TARGETED_DEVICE_FAMILY = "1,2";
			};
			name = Debug;
		};
		2783947C2BA23B8900810D9A /* Release */ = {
			isa = XCBuildConfiguration;
			buildSettings = {
				ASSETCATALOG_COMPILER_APPICON_NAME = AppIcon;
				ASSETCATALOG_COMPILER_GLOBAL_ACCENT_COLOR_NAME = AccentColor;
				CODE_SIGN_STYLE = Automatic;
				CURRENT_PROJECT_VERSION = 1;
				DEVELOPMENT_ASSET_PATHS = "\"ASL Translator/Preview Content\"";
				ENABLE_PREVIEWS = YES;
				GENERATE_INFOPLIST_FILE = YES;
				INFOPLIST_KEY_UIApplicationSceneManifest_Generation = YES;
				INFOPLIST_KEY_UIApplicationSupportsIndirectInputEvents = YES;
				INFOPLIST_KEY_UILaunchScreen_Generation = YES;
				INFOPLIST_KEY_UISupportedInterfaceOrientations_iPad = "UIInterfaceOrientationPortrait UIInterfaceOrientationPortraitUpsideDown UIInterfaceOrientationLandscapeLeft UIInterfaceOrientationLandscapeRight";
				INFOPLIST_KEY_UISupportedInterfaceOrientations_iPhone = "UIInterfaceOrientationPortrait UIInterfaceOrientationLandscapeLeft UIInterfaceOrientationLandscapeRight";
				LD_RUNPATH_SEARCH_PATHS = (
					"$(inherited)",
					"@executable_path/Frameworks",
				);
				MARKETING_VERSION = 1.0;
				PRODUCT_BUNDLE_IDENTIFIER = "Toolbar.ASL-Translator";
				PRODUCT_NAME = "$(TARGET_NAME)";
				SWIFT_EMIT_LOC_STRINGS = YES;
				SWIFT_VERSION = 5.0;
				TARGETED_DEVICE_FAMILY = "1,2";
			};
			name = Release;
		};
		2783947E2BA23B8900810D9A /* Debug */ = {
			isa = XCBuildConfiguration;
			buildSettings = {
				ALWAYS_EMBED_SWIFT_STANDARD_LIBRARIES = YES;
				BUNDLE_LOADER = "$(TEST_HOST)";
				CODE_SIGN_STYLE = Automatic;
				CURRENT_PROJECT_VERSION = 1;
				GENERATE_INFOPLIST_FILE = YES;
				IPHONEOS_DEPLOYMENT_TARGET = 17.2;
				MARKETING_VERSION = 1.0;
				PRODUCT_BUNDLE_IDENTIFIER = "Toolbar.ASL-TranslatorTests";
				PRODUCT_NAME = "$(TARGET_NAME)";
				SWIFT_EMIT_LOC_STRINGS = NO;
				SWIFT_VERSION = 5.0;
				TARGETED_DEVICE_FAMILY = "1,2";
				TEST_HOST = "$(BUILT_PRODUCTS_DIR)/ASL Translator.app/$(BUNDLE_EXECUTABLE_FOLDER_PATH)/ASL Translator";
			};
			name = Debug;
		};
		2783947F2BA23B8900810D9A /* Release */ = {
			isa = XCBuildConfiguration;
			buildSettings = {
				ALWAYS_EMBED_SWIFT_STANDARD_LIBRARIES = YES;
				BUNDLE_LOADER = "$(TEST_HOST)";
				CODE_SIGN_STYLE = Automatic;
				CURRENT_PROJECT_VERSION = 1;
				GENERATE_INFOPLIST_FILE = YES;
				IPHONEOS_DEPLOYMENT_TARGET = 17.2;
				MARKETING_VERSION = 1.0;
				PRODUCT_BUNDLE_IDENTIFIER = "Toolbar.ASL-TranslatorTests";
				PRODUCT_NAME = "$(TARGET_NAME)";
				SWIFT_EMIT_LOC_STRINGS = NO;
				SWIFT_VERSION = 5.0;
				TARGETED_DEVICE_FAMILY = "1,2";
				TEST_HOST = "$(BUILT_PRODUCTS_DIR)/ASL Translator.app/$(BUNDLE_EXECUTABLE_FOLDER_PATH)/ASL Translator";
			};
			name = Release;
		};
		278394812BA23B8900810D9A /* Debug */ = {
			isa = XCBuildConfiguration;
			buildSettings = {
				ALWAYS_EMBED_SWIFT_STANDARD_LIBRARIES = YES;
				CODE_SIGN_STYLE = Automatic;
				CURRENT_PROJECT_VERSION = 1;
				GENERATE_INFOPLIST_FILE = YES;
				MARKETING_VERSION = 1.0;
				PRODUCT_BUNDLE_IDENTIFIER = "Toolbar.ASL-TranslatorUITests";
				PRODUCT_NAME = "$(TARGET_NAME)";
				SWIFT_EMIT_LOC_STRINGS = NO;
				SWIFT_VERSION = 5.0;
				TARGETED_DEVICE_FAMILY = "1,2";
				TEST_TARGET_NAME = "ASL Translator";
			};
			name = Debug;
		};
		278394822BA23B8900810D9A /* Release */ = {
			isa = XCBuildConfiguration;
			buildSettings = {
				ALWAYS_EMBED_SWIFT_STANDARD_LIBRARIES = YES;
				CODE_SIGN_STYLE = Automatic;
				CURRENT_PROJECT_VERSION = 1;
				GENERATE_INFOPLIST_FILE = YES;
				MARKETING_VERSION = 1.0;
				PRODUCT_BUNDLE_IDENTIFIER = "Toolbar.ASL-TranslatorUITests";
				PRODUCT_NAME = "$(TARGET_NAME)";
				SWIFT_EMIT_LOC_STRINGS = NO;
				SWIFT_VERSION = 5.0;
				TARGETED_DEVICE_FAMILY = "1,2";
				TEST_TARGET_NAME = "ASL Translator";
			};
			name = Release;
		};
/* End XCBuildConfiguration section */

/* Begin XCConfigurationList section */
		278394512BA23B8700810D9A /* Build configuration list for PBXProject "ASL Translator" */ = {
			isa = XCConfigurationList;
			buildConfigurations = (
				278394782BA23B8900810D9A /* Debug */,
				278394792BA23B8900810D9A /* Release */,
			);
			defaultConfigurationIsVisible = 0;
			defaultConfigurationName = Release;
		};
		2783947A2BA23B8900810D9A /* Build configuration list for PBXNativeTarget "ASL Translator" */ = {
			isa = XCConfigurationList;
			buildConfigurations = (
				2783947B2BA23B8900810D9A /* Debug */,
				2783947C2BA23B8900810D9A /* Release */,
			);
			defaultConfigurationIsVisible = 0;
			defaultConfigurationName = Release;
		};
		2783947D2BA23B8900810D9A /* Build configuration list for PBXNativeTarget "ASL TranslatorTests" */ = {
			isa = XCConfigurationList;
			buildConfigurations = (
				2783947E2BA23B8900810D9A /* Debug */,
				2783947F2BA23B8900810D9A /* Release */,
			);
			defaultConfigurationIsVisible = 0;
			defaultConfigurationName = Release;
		};
		278394802BA23B8900810D9A /* Build configuration list for PBXNativeTarget "ASL TranslatorUITests" */ = {
			isa = XCConfigurationList;
			buildConfigurations = (
				278394812BA23B8900810D9A /* Debug */,
				278394822BA23B8900810D9A /* Release */,
			);
			defaultConfigurationIsVisible = 0;
			defaultConfigurationName = Release;
		};
/* End XCConfigurationList section */
	};
	rootObject = 2783944E2BA23B8700810D9A /* Project object */;
}
